
Microsoft Visual Studio Solution File, Format Version 12.00
# Visual Studio 15
VisualStudioVersion = 15.0.28307.271
MinimumVisualStudioVersion = 10.0.40219.1
Project("{9A19103F-16F7-4668-BE54-9A1E7A4F7556}") = "PoopBuddy.WebApi", "PoopBuddy.WebApi\PoopBuddy.WebApi.csproj", "{3E09A692-0615-4C75-B456-5818DC2F7B77}"
EndProject
Project("{9A19103F-16F7-4668-BE54-9A1E7A4F7556}") = "PoopBuddy.Web", "PoopBuddy.Web\PoopBuddy.Web.csproj", "{9368352B-75F5-4950-AFCA-FC3BAA3629BB}"
EndProject
Project("{FAE04EC0-301F-11D3-BF4B-00C04F79EFBC}") = "PoopBuddy.Data", "PoopBuddy.Data\PoopBuddy.Data.csproj", "{33D02C42-C0FD-4FEB-AF2C-1BB6DE023868}"
EndProject
Global
	GlobalSection(SolutionConfigurationPlatforms) = preSolution
		Debug|Any CPU = Debug|Any CPU
		Release|Any CPU = Release|Any CPU
	EndGlobalSection
	GlobalSection(ProjectConfigurationPlatforms) = postSolution
		{3E09A692-0615-4C75-B456-5818DC2F7B77}.Debug|Any CPU.ActiveCfg = Debug|Any CPU
		{3E09A692-0615-4C75-B456-5818DC2F7B77}.Debug|Any CPU.Build.0 = Debug|Any CPU
		{3E09A692-0615-4C75-B456-5818DC2F7B77}.Release|Any CPU.ActiveCfg = Release|Any CPU
		{3E09A692-0615-4C75-B456-5818DC2F7B77}.Release|Any CPU.Build.0 = Release|Any CPU
		{9368352B-75F5-4950-AFCA-FC3BAA3629BB}.Debug|Any CPU.ActiveCfg = Debug|Any CPU
		{9368352B-75F5-4950-AFCA-FC3BAA3629BB}.Debug|Any CPU.Build.0 = Debug|Any CPU
		{9368352B-75F5-4950-AFCA-FC3BAA3629BB}.Release|Any CPU.ActiveCfg = Release|Any CPU
		{9368352B-75F5-4950-AFCA-FC3BAA3629BB}.Release|Any CPU.Build.0 = Release|Any CPU
		{33D02C42-C0FD-4FEB-AF2C-1BB6DE023868}.Debug|Any CPU.ActiveCfg = Debug|Any CPU
		{33D02C42-C0FD-4FEB-AF2C-1BB6DE023868}.Debug|Any CPU.Build.0 = Debug|Any CPU
		{33D02C42-C0FD-4FEB-AF2C-1BB6DE023868}.Release|Any CPU.ActiveCfg = Release|Any CPU
		{33D02C42-C0FD-4FEB-AF2C-1BB6DE023868}.Release|Any CPU.Build.0 = Release|Any CPU
	EndGlobalSection
	GlobalSection(SolutionProperties) = preSolution
		HideSolutionNode = FALSE
	EndGlobalSection
	GlobalSection(ExtensibilityGlobals) = postSolution
		SolutionGuid = {5E4C5CE1-72C2-4CE7-BBF3-DFE0336DAFE3}
	EndGlobalSection
EndGlobal
