
Microsoft Visual Studio Solution File, Format Version 12.00
# Visual Studio Version 16
VisualStudioVersion = 16.0.28714.193
MinimumVisualStudioVersion = 10.0.40219.1
Project("{FAE04EC0-301F-11D3-BF4B-00C04F79EFBC}") = "PoopBuddy.Web", "PoopBuddy.Web\PoopBuddy.Web.csproj", "{520E9B73-F8DB-41B2-A3B4-F66BB6B08FA8}"
EndProject
Global
	GlobalSection(SolutionConfigurationPlatforms) = preSolution
		Debug|Any CPU = Debug|Any CPU
		Release|Any CPU = Release|Any CPU
	EndGlobalSection
	GlobalSection(ProjectConfigurationPlatforms) = postSolution
		{520E9B73-F8DB-41B2-A3B4-F66BB6B08FA8}.Debug|Any CPU.ActiveCfg = Debug|Any CPU
		{520E9B73-F8DB-41B2-A3B4-F66BB6B08FA8}.Debug|Any CPU.Build.0 = Debug|Any CPU
		{520E9B73-F8DB-41B2-A3B4-F66BB6B08FA8}.Release|Any CPU.ActiveCfg = Release|Any CPU
		{520E9B73-F8DB-41B2-A3B4-F66BB6B08FA8}.Release|Any CPU.Build.0 = Release|Any CPU
	EndGlobalSection
	GlobalSection(SolutionProperties) = preSolution
		HideSolutionNode = FALSE
	EndGlobalSection
	GlobalSection(ExtensibilityGlobals) = postSolution
		SolutionGuid = {5E4C5CE1-72C2-4CE7-BBF3-DFE0336DAFE3}
	EndGlobalSection
EndGlobal
